
Microsoft Visual Studio Solution File, Format Version 12.00
# Visual Studio 2013
VisualStudioVersion = 12.0.31101.0
MinimumVisualStudioVersion = 10.0.40219.1
Project("{FAE04EC0-301F-11D3-BF4B-00C04F79EFBC}") = "next.ConsoleApplication", "next.ConsoleApplication\next.ConsoleApplication.csproj", "{7A652C08-9023-4BDD-A67A-91E4BD6958AB}"
EndProject
Project("{2150E333-8FDC-42A3-9474-1A3956D46DE8}") = ".nuget", ".nuget", "{928E86B0-3467-4A94-A72A-3AA6FE5795CA}"
	ProjectSection(SolutionItems) = preProject
		.nuget\NuGet.Config = .nuget\NuGet.Config
		.nuget\NuGet.exe = .nuget\NuGet.exe
		.nuget\NuGet.targets = .nuget\NuGet.targets
	EndProjectSection
EndProject
Global
	GlobalSection(SolutionConfigurationPlatforms) = preSolution
		Debug|Any CPU = Debug|Any CPU
		Release|Any CPU = Release|Any CPU
	EndGlobalSection
	GlobalSection(ProjectConfigurationPlatforms) = postSolution
		{7A652C08-9023-4BDD-A67A-91E4BD6958AB}.Debug|Any CPU.ActiveCfg = Debug|Any CPU
		{7A652C08-9023-4BDD-A67A-91E4BD6958AB}.Debug|Any CPU.Build.0 = Debug|Any CPU
		{7A652C08-9023-4BDD-A67A-91E4BD6958AB}.Release|Any CPU.ActiveCfg = Release|Any CPU
		{7A652C08-9023-4BDD-A67A-91E4BD6958AB}.Release|Any CPU.Build.0 = Release|Any CPU
	EndGlobalSection
	GlobalSection(SolutionProperties) = preSolution
		HideSolutionNode = FALSE
	EndGlobalSection
EndGlobal
